DEPENDENCIES
  cwb-server
    path: .
    metadata: true

GRAPH
  apt (7.1.1)
  build-essential (8.2.1)
    mingw (>= 1.1)
    seven_zip (>= 0.0.0)
  cwb-server (0.7.2)
    apt (~> 7.1.1)
    deploy_resource (~> 1.0.2)
    git (~> 9.0.1)
    ntp (~> 3.6.0)
    postgresql (~> 7.1.0)
    sudo (~> 5.4.0)
    timezone_lwrp (~> 0.2.1)
    vagrant (~> 0.9.1)
  deploy_resource (1.0.2)
  dmg (4.1.1)
  git (9.0.1)
    build-essential (>= 5.0.0)
  mingw (2.1.0)
    seven_zip (>= 0.0.0)
  ntp (3.6.1)
  postgresql (7.1.1)
  seven_zip (3.1.0)
    windows (>= 0.0.0)
  sudo (5.4.4)
  timezone_lwrp (0.2.2)
  vagrant (0.9.1)
    dmg (>= 2.2.2)
  windows (5.2.2)
