DEPENDENCIES
  cwb-server
    path: .
    metadata: true
  timezone-ii
    git: https://github.com/paulieborg/timezone-ii.git
    revision: b9ea930d8176d382f68f0de06c1a78df83ecf055
    ref: b9ea930
  vagrant
    git: https://github.com/RoboticCheese/vagrant-cookbook.git
    revision: 6fff795d33a9b6e8baf36a55a45625cedd7db29b
    ref: 6fff795

GRAPH
  apt (6.1.2)
  build-essential (8.0.3)
    mingw (>= 1.1)
    seven_zip (>= 0.0.0)
  compat_resource (12.19.0)
  cwb-server (0.5.0)
    apt (>= 6.1.2)
    build-essential (>= 8.0.3)
    database (~> 6.1.1)
    git (>= 6.1.0)
    ntp (~> 3.5.0)
    postgresql (~> 6.1.1)
    sudo (~> 3.5.2)
    timezone-ii (~> 0.2.0)
    vagrant (~> 0.7.0)
  database (6.1.1)
    postgresql (>= 1.0.0)
  dmg (4.0.0)
  git (6.1.0)
    build-essential (>= 0.0.0)
    dmg (>= 0.0.0)
    yum-epel (>= 0.0.0)
  mingw (2.0.1)
    seven_zip (>= 0.0.0)
  ntp (3.5.0)
  ohai (5.1.0)
  openssl (7.1.0)
  postgresql (6.1.1)
    build-essential (>= 2.0.0)
    compat_resource (>= 12.16.3)
    openssl (>= 4.0)
  seven_zip (2.0.2)
    windows (>= 1.2.2)
  sudo (3.5.2)
  timezone-ii (0.2.0)
  vagrant (0.7.0)
    dmg (>= 2.2.2)
    windows (>= 1.38.0)
  windows (3.1.1)
    ohai (>= 4.0.0)
  yum-epel (2.1.2)
    compat_resource (>= 12.16.3)
